// !$*UTF8*$!
{
	archiveVersion = 1;
	classes = {
	};
	objectVersion = 51;
	objects = {

/* Begin PBXBuildFile section */
		1211690024B6516700879FED /* AppDelegate.swift in Sources */ = {isa = PBXBuildFile; fileRef = 121168FF24B6516700879FED /* AppDelegate.swift */; };
		1211690224B6516700879FED /* SceneDelegate.swift in Sources */ = {isa = PBXBuildFile; fileRef = 1211690124B6516700879FED /* SceneDelegate.swift */; };
		1211690424B6516700879FED /* ViewController.swift in Sources */ = {isa = PBXBuildFile; fileRef = 1211690324B6516700879FED /* ViewController.swift */; };
		1211690924B6516800879FED /* Assets.xcassets in Resources */ = {isa = PBXBuildFile; fileRef = 1211690824B6516800879FED /* Assets.xcassets */; };
		1211690C24B6516800879FED /* LaunchScreen.storyboard in Resources */ = {isa = PBXBuildFile; fileRef = 1211690A24B6516800879FED /* LaunchScreen.storyboard */; };
		200C903E312EBABCA6F6F535 /* Pods_RecipeFinder.framework in Frameworks */ = {isa = PBXBuildFile; fileRef = 004B9B14F24E264C86EB0584 /* Pods_RecipeFinder.framework */; };
		6F38CCAD24BDFDE800551327 /* ProfileController.swift in Sources */ = {isa = PBXBuildFile; fileRef = 6F38CCAC24BDFDE800551327 /* ProfileController.swift */; };
		6F41B77324BC61BE00011770 /* GroceryController.swift in Sources */ = {isa = PBXBuildFile; fileRef = 6F41B77224BC61BE00011770 /* GroceryController.swift */; };
		6F4291AE24B879D700611FDA /* HomeController.swift in Sources */ = {isa = PBXBuildFile; fileRef = 6F4291AD24B879D700611FDA /* HomeController.swift */; };
		6F4291B024B87A4C00611FDA /* SavedController.swift in Sources */ = {isa = PBXBuildFile; fileRef = 6F4291AF24B87A4C00611FDA /* SavedController.swift */; };
		6F5518EA24B7A18300E5981D /* AddIngridients.swift in Sources */ = {isa = PBXBuildFile; fileRef = 6F5518E924B7A18300E5981D /* AddIngridients.swift */; };
		6F5518EE24B7A2BC00E5981D /* UserModel.swift in Sources */ = {isa = PBXBuildFile; fileRef = 6F5518ED24B7A2BC00E5981D /* UserModel.swift */; };
		6F5518F024B7A7B900E5981D /* RootViewController.swift in Sources */ = {isa = PBXBuildFile; fileRef = 6F5518EF24B7A7B900E5981D /* RootViewController.swift */; };
		6F59DAE824BCC2AD00151970 /* SqueezeNet.mlmodel in Sources */ = {isa = PBXBuildFile; fileRef = 6F59DAE724BCC2AD00151970 /* SqueezeNet.mlmodel */; };
		6F59DAEA24BCC33000151970 /* ScanController.swift in Sources */ = {isa = PBXBuildFile; fileRef = 6F59DAE924BCC33000151970 /* ScanController.swift */; };
		6F6DBFE624BDDD9200A60CDA /* VoiceController.swift in Sources */ = {isa = PBXBuildFile; fileRef = 6F6DBFE524BDDD9200A60CDA /* VoiceController.swift */; };
		6F6DBFE824BDE94500A60CDA /* RecipeModel.swift in Sources */ = {isa = PBXBuildFile; fileRef = 6F6DBFE724BDE94500A60CDA /* RecipeModel.swift */; };
		6F78E73424BC6B8A0054B4FF /* Extensions.swift in Sources */ = {isa = PBXBuildFile; fileRef = 6F78E73324BC6B8A0054B4FF /* Extensions.swift */; };
		6FDC744A24BDCE6200ED4F55 /* Fridge copy.mlmodel in Sources */ = {isa = PBXBuildFile; fileRef = 6FDC744924BDCE6200ED4F55 /* Fridge copy.mlmodel */; };
		BE62197024B8B20A008C4ADD /* RegistrationController.swift in Sources */ = {isa = PBXBuildFile; fileRef = BE62196F24B8B20A008C4ADD /* RegistrationController.swift */; };
/* End PBXBuildFile section */

/* Begin PBXFileReference section */
		004B9B14F24E264C86EB0584 /* Pods_RecipeFinder.framework */ = {isa = PBXFileReference; explicitFileType = wrapper.framework; includeInIndex = 0; path = Pods_RecipeFinder.framework; sourceTree = BUILT_PRODUCTS_DIR; };
		121168FC24B6516700879FED /* RecipeFinder.app */ = {isa = PBXFileReference; explicitFileType = wrapper.application; includeInIndex = 0; path = RecipeFinder.app; sourceTree = BUILT_PRODUCTS_DIR; };
		121168FF24B6516700879FED /* AppDelegate.swift */ = {isa = PBXFileReference; lastKnownFileType = sourcecode.swift; path = AppDelegate.swift; sourceTree = "<group>"; };
		1211690124B6516700879FED /* SceneDelegate.swift */ = {isa = PBXFileReference; lastKnownFileType = sourcecode.swift; path = SceneDelegate.swift; sourceTree = "<group>"; };
		1211690324B6516700879FED /* ViewController.swift */ = {isa = PBXFileReference; lastKnownFileType = sourcecode.swift; path = ViewController.swift; sourceTree = "<group>"; };
		1211690824B6516800879FED /* Assets.xcassets */ = {isa = PBXFileReference; lastKnownFileType = folder.assetcatalog; path = Assets.xcassets; sourceTree = "<group>"; };
		1211690B24B6516800879FED /* Base */ = {isa = PBXFileReference; lastKnownFileType = file.storyboard; name = Base; path = Base.lproj/LaunchScreen.storyboard; sourceTree = "<group>"; };
		1211690D24B6516800879FED /* Info.plist */ = {isa = PBXFileReference; lastKnownFileType = text.plist.xml; path = Info.plist; sourceTree = "<group>"; };
		6F38CCAC24BDFDE800551327 /* ProfileController.swift */ = {isa = PBXFileReference; fileEncoding = 4; lastKnownFileType = sourcecode.swift; path = ProfileController.swift; sourceTree = "<group>"; };
		6F41B77224BC61BE00011770 /* GroceryController.swift */ = {isa = PBXFileReference; lastKnownFileType = sourcecode.swift; path = GroceryController.swift; sourceTree = "<group>"; };
		6F4291AD24B879D700611FDA /* HomeController.swift */ = {isa = PBXFileReference; lastKnownFileType = sourcecode.swift; path = HomeController.swift; sourceTree = "<group>"; };
		6F4291AF24B87A4C00611FDA /* SavedController.swift */ = {isa = PBXFileReference; lastKnownFileType = sourcecode.swift; path = SavedController.swift; sourceTree = "<group>"; };
		6F5518E924B7A18300E5981D /* AddIngridients.swift */ = {isa = PBXFileReference; lastKnownFileType = sourcecode.swift; path = AddIngridients.swift; sourceTree = "<group>"; };
		6F5518ED24B7A2BC00E5981D /* UserModel.swift */ = {isa = PBXFileReference; lastKnownFileType = sourcecode.swift; path = UserModel.swift; sourceTree = "<group>"; };
		6F5518EF24B7A7B900E5981D /* RootViewController.swift */ = {isa = PBXFileReference; lastKnownFileType = sourcecode.swift; path = RootViewController.swift; sourceTree = "<group>"; };
		6F59DAE724BCC2AD00151970 /* SqueezeNet.mlmodel */ = {isa = PBXFileReference; lastKnownFileType = file.mlmodel; path = SqueezeNet.mlmodel; sourceTree = "<group>"; };
		6F59DAE924BCC33000151970 /* ScanController.swift */ = {isa = PBXFileReference; lastKnownFileType = sourcecode.swift; path = ScanController.swift; sourceTree = "<group>"; };
		6F6DBFE524BDDD9200A60CDA /* VoiceController.swift */ = {isa = PBXFileReference; fileEncoding = 4; lastKnownFileType = sourcecode.swift; path = VoiceController.swift; sourceTree = "<group>"; };
		6F6DBFE724BDE94500A60CDA /* RecipeModel.swift */ = {isa = PBXFileReference; lastKnownFileType = sourcecode.swift; path = RecipeModel.swift; sourceTree = "<group>"; };
		6F78E73324BC6B8A0054B4FF /* Extensions.swift */ = {isa = PBXFileReference; lastKnownFileType = sourcecode.swift; path = Extensions.swift; sourceTree = "<group>"; };
		6FDC744924BDCE6200ED4F55 /* Fridge copy.mlmodel */ = {isa = PBXFileReference; lastKnownFileType = file.mlmodel; path = "Fridge copy.mlmodel"; sourceTree = "<group>"; };
		8A9E471FE358105EEB93E98F /* Pods-RecipeFinder.debug.xcconfig */ = {isa = PBXFileReference; includeInIndex = 1; lastKnownFileType = text.xcconfig; name = "Pods-RecipeFinder.debug.xcconfig"; path = "Target Support Files/Pods-RecipeFinder/Pods-RecipeFinder.debug.xcconfig"; sourceTree = "<group>"; };
		AA1997EB1FB21FE0A6BA24C5 /* Pods-RecipeFinder.release.xcconfig */ = {isa = PBXFileReference; includeInIndex = 1; lastKnownFileType = text.xcconfig; name = "Pods-RecipeFinder.release.xcconfig"; path = "Target Support Files/Pods-RecipeFinder/Pods-RecipeFinder.release.xcconfig"; sourceTree = "<group>"; };
		BE62196F24B8B20A008C4ADD /* RegistrationController.swift */ = {isa = PBXFileReference; lastKnownFileType = sourcecode.swift; path = RegistrationController.swift; sourceTree = "<group>"; };
/* End PBXFileReference section */

/* Begin PBXFrameworksBuildPhase section */
		121168F924B6516700879FED /* Frameworks */ = {
			isa = PBXFrameworksBuildPhase;
			buildActionMask = 2147483647;
			files = (
				200C903E312EBABCA6F6F535 /* Pods_RecipeFinder.framework in Frameworks */,
			);
			runOnlyForDeploymentPostprocessing = 0;
		};
/* End PBXFrameworksBuildPhase section */

/* Begin PBXGroup section */
		121168F324B6516700879FED = {
			isa = PBXGroup;
			children = (
				121168FE24B6516700879FED /* RecipeFinder */,
				121168FD24B6516700879FED /* Products */,
				E879E042701A1BEF3A715481 /* Pods */,
				CE5FECC008C9024DB2CAAF30 /* Frameworks */,
			);
			sourceTree = "<group>";
		};
		121168FD24B6516700879FED /* Products */ = {
			isa = PBXGroup;
			children = (
				121168FC24B6516700879FED /* RecipeFinder.app */,
			);
			name = Products;
			sourceTree = "<group>";
		};
		121168FE24B6516700879FED /* RecipeFinder */ = {
			isa = PBXGroup;
			children = (
				6F5518EC24B7A19500E5981D /* Models */,
				6F5518EB24B7A18C00E5981D /* Views */,
				121168FF24B6516700879FED /* AppDelegate.swift */,
				1211690124B6516700879FED /* SceneDelegate.swift */,
				1211690824B6516800879FED /* Assets.xcassets */,
				1211690A24B6516800879FED /* LaunchScreen.storyboard */,
				1211690D24B6516800879FED /* Info.plist */,
				6F78E73324BC6B8A0054B4FF /* Extensions.swift */,
			);
			path = RecipeFinder;
			sourceTree = "<group>";
		};
		6F5518EB24B7A18C00E5981D /* Views */ = {
			isa = PBXGroup;
			children = (
				6F38CCAC24BDFDE800551327 /* ProfileController.swift */,
				6F6DBFE524BDDD9200A60CDA /* VoiceController.swift */,
				6F5518E924B7A18300E5981D /* AddIngridients.swift */,
				1211690324B6516700879FED /* ViewController.swift */,
				BE62196F24B8B20A008C4ADD /* RegistrationController.swift */,
				6F5518EF24B7A7B900E5981D /* RootViewController.swift */,
				6F4291AD24B879D700611FDA /* HomeController.swift */,
				6F4291AF24B87A4C00611FDA /* SavedController.swift */,
				6F41B77224BC61BE00011770 /* GroceryController.swift */,
				6F59DAE924BCC33000151970 /* ScanController.swift */,
			);
			path = Views;
			sourceTree = "<group>";
		};
		6F5518EC24B7A19500E5981D /* Models */ = {
			isa = PBXGroup;
			children = (
				6F59DAE724BCC2AD00151970 /* SqueezeNet.mlmodel */,
				6FDC744924BDCE6200ED4F55 /* Fridge copy.mlmodel */,
				6F5518ED24B7A2BC00E5981D /* UserModel.swift */,
				6F6DBFE724BDE94500A60CDA /* RecipeModel.swift */,
			);
			path = Models;
			sourceTree = "<group>";
		};
		CE5FECC008C9024DB2CAAF30 /* Frameworks */ = {
			isa = PBXGroup;
			children = (
				004B9B14F24E264C86EB0584 /* Pods_RecipeFinder.framework */,
			);
			name = Frameworks;
			sourceTree = "<group>";
		};
		E879E042701A1BEF3A715481 /* Pods */ = {
			isa = PBXGroup;
			children = (
				8A9E471FE358105EEB93E98F /* Pods-RecipeFinder.debug.xcconfig */,
				AA1997EB1FB21FE0A6BA24C5 /* Pods-RecipeFinder.release.xcconfig */,
			);
			path = Pods;
			sourceTree = "<group>";
		};
/* End PBXGroup section */

/* Begin PBXNativeTarget section */
		121168FB24B6516700879FED /* RecipeFinder */ = {
			isa = PBXNativeTarget;
			buildConfigurationList = 1211691024B6516800879FED /* Build configuration list for PBXNativeTarget "RecipeFinder" */;
			buildPhases = (
				CB27696D18D306706AECA260 /* [CP] Check Pods Manifest.lock */,
				121168F824B6516700879FED /* Sources */,
				121168F924B6516700879FED /* Frameworks */,
				121168FA24B6516700879FED /* Resources */,
				AB30BCEEE8B5E04BD399A24B /* [CP] Embed Pods Frameworks */,
			);
			buildRules = (
			);
			dependencies = (
			);
			name = RecipeFinder;
			productName = RecipeFinder;
			productReference = 121168FC24B6516700879FED /* RecipeFinder.app */;
			productType = "com.apple.product-type.application";
		};
/* End PBXNativeTarget section */

/* Begin PBXProject section */
		121168F424B6516700879FED /* Project object */ = {
			isa = PBXProject;
			attributes = {
				LastSwiftUpdateCheck = 1150;
				LastUpgradeCheck = 1150;
				ORGANIZATIONNAME = "Наталья Автухович";
				TargetAttributes = {
					121168FB24B6516700879FED = {
						CreatedOnToolsVersion = 11.5;
					};
				};
			};
			buildConfigurationList = 121168F724B6516700879FED /* Build configuration list for PBXProject "RecipeFinder" */;
			compatibilityVersion = "Xcode 9.3";
			developmentRegion = en;
			hasScannedForEncodings = 0;
			knownRegions = (
				en,
				Base,
			);
			mainGroup = 121168F324B6516700879FED;
			productRefGroup = 121168FD24B6516700879FED /* Products */;
			projectDirPath = "";
			projectRoot = "";
			targets = (
				121168FB24B6516700879FED /* RecipeFinder */,
			);
		};
/* End PBXProject section */

/* Begin PBXResourcesBuildPhase section */
		121168FA24B6516700879FED /* Resources */ = {
			isa = PBXResourcesBuildPhase;
			buildActionMask = 2147483647;
			files = (
				1211690C24B6516800879FED /* LaunchScreen.storyboard in Resources */,
				1211690924B6516800879FED /* Assets.xcassets in Resources */,
			);
			runOnlyForDeploymentPostprocessing = 0;
		};
/* End PBXResourcesBuildPhase section */

/* Begin PBXShellScriptBuildPhase section */
		AB30BCEEE8B5E04BD399A24B /* [CP] Embed Pods Frameworks */ = {
			isa = PBXShellScriptBuildPhase;
			buildActionMask = 2147483647;
			files = (
			);
			inputFileListPaths = (
				"${PODS_ROOT}/Target Support Files/Pods-RecipeFinder/Pods-RecipeFinder-frameworks-${CONFIGURATION}-input-files.xcfilelist",
			);
			name = "[CP] Embed Pods Frameworks";
			outputFileListPaths = (
				"${PODS_ROOT}/Target Support Files/Pods-RecipeFinder/Pods-RecipeFinder-frameworks-${CONFIGURATION}-output-files.xcfilelist",
			);
			runOnlyForDeploymentPostprocessing = 0;
			shellPath = /bin/sh;
			shellScript = "\"${PODS_ROOT}/Target Support Files/Pods-RecipeFinder/Pods-RecipeFinder-frameworks.sh\"\n";
			showEnvVarsInLog = 0;
		};
		CB27696D18D306706AECA260 /* [CP] Check Pods Manifest.lock */ = {
			isa = PBXShellScriptBuildPhase;
			buildActionMask = 2147483647;
			files = (
			);
			inputFileListPaths = (
			);
			inputPaths = (
				"${PODS_PODFILE_DIR_PATH}/Podfile.lock",
				"${PODS_ROOT}/Manifest.lock",
			);
			name = "[CP] Check Pods Manifest.lock";
			outputFileListPaths = (
			);
			outputPaths = (
				"$(DERIVED_FILE_DIR)/Pods-RecipeFinder-checkManifestLockResult.txt",
			);
			runOnlyForDeploymentPostprocessing = 0;
			shellPath = /bin/sh;
			shellScript = "diff \"${PODS_PODFILE_DIR_PATH}/Podfile.lock\" \"${PODS_ROOT}/Manifest.lock\" > /dev/null\nif [ $? != 0 ] ; then\n    # print error to STDERR\n    echo \"error: The sandbox is not in sync with the Podfile.lock. Run 'pod install' or update your CocoaPods installation.\" >&2\n    exit 1\nfi\n# This output is used by Xcode 'outputs' to avoid re-running this script phase.\necho \"SUCCESS\" > \"${SCRIPT_OUTPUT_FILE_0}\"\n";
			showEnvVarsInLog = 0;
		};
/* End PBXShellScriptBuildPhase section */

/* Begin PBXSourcesBuildPhase section */
		121168F824B6516700879FED /* Sources */ = {
			isa = PBXSourcesBuildPhase;
			buildActionMask = 2147483647;
			files = (
				6F41B77324BC61BE00011770 /* GroceryController.swift in Sources */,
				6F5518EA24B7A18300E5981D /* AddIngridients.swift in Sources */,
				6FDC744A24BDCE6200ED4F55 /* Fridge copy.mlmodel in Sources */,
				1211690424B6516700879FED /* ViewController.swift in Sources */,
				6F6DBFE624BDDD9200A60CDA /* VoiceController.swift in Sources */,
				6F4291AE24B879D700611FDA /* HomeController.swift in Sources */,
				6F5518F024B7A7B900E5981D /* RootViewController.swift in Sources */,
				1211690024B6516700879FED /* AppDelegate.swift in Sources */,
				6F78E73424BC6B8A0054B4FF /* Extensions.swift in Sources */,
				6F59DAEA24BCC33000151970 /* ScanController.swift in Sources */,
				6F5518EE24B7A2BC00E5981D /* UserModel.swift in Sources */,
				6F4291B024B87A4C00611FDA /* SavedController.swift in Sources */,
				BE62197024B8B20A008C4ADD /* RegistrationController.swift in Sources */,
				1211690224B6516700879FED /* SceneDelegate.swift in Sources */,
				6F59DAE824BCC2AD00151970 /* SqueezeNet.mlmodel in Sources */,
				6F6DBFE824BDE94500A60CDA /* RecipeModel.swift in Sources */,
				6F38CCAD24BDFDE800551327 /* ProfileController.swift in Sources */,
			);
			runOnlyForDeploymentPostprocessing = 0;
		};
/* End PBXSourcesBuildPhase section */

/* Begin PBXVariantGroup section */
		1211690A24B6516800879FED /* LaunchScreen.storyboard */ = {
			isa = PBXVariantGroup;
			children = (
				1211690B24B6516800879FED /* Base */,
			);
			name = LaunchScreen.storyboard;
			sourceTree = "<group>";
		};
/* End PBXVariantGroup section */

/* Begin XCBuildConfiguration section */
		1211690E24B6516800879FED /* Debug */ = {
			isa = XCBuildConfiguration;
			buildSettings = {
				ALWAYS_SEARCH_USER_PATHS = NO;
				CLANG_ANALYZER_NONNULL = YES;
				CLANG_ANALYZER_NUMBER_OBJECT_CONVERSION = YES_AGGRESSIVE;
				CLANG_CXX_LANGUAGE_STANDARD = "gnu++14";
				CLANG_CXX_LIBRARY = "libc++";
				CLANG_ENABLE_MODULES = YES;
				CLANG_ENABLE_OBJC_ARC = YES;
				CLANG_ENABLE_OBJC_WEAK = YES;
				CLANG_WARN_BLOCK_CAPTURE_AUTORELEASING = YES;
				CLANG_WARN_BOOL_CONVERSION = YES;
				CLANG_WARN_COMMA = YES;
				CLANG_WARN_CONSTANT_CONVERSION = YES;
				CLANG_WARN_DEPRECATED_OBJC_IMPLEMENTATIONS = YES;
				CLANG_WARN_DIRECT_OBJC_ISA_USAGE = YES_ERROR;
				CLANG_WARN_DOCUMENTATION_COMMENTS = YES;
				CLANG_WARN_EMPTY_BODY = YES;
				CLANG_WARN_ENUM_CONVERSION = YES;
				CLANG_WARN_INFINITE_RECURSION = YES;
				CLANG_WARN_INT_CONVERSION = YES;
				CLANG_WARN_NON_LITERAL_NULL_CONVERSION = YES;
				CLANG_WARN_OBJC_IMPLICIT_RETAIN_SELF = YES;
				CLANG_WARN_OBJC_LITERAL_CONVERSION = YES;
				CLANG_WARN_OBJC_ROOT_CLASS = YES_ERROR;
				CLANG_WARN_RANGE_LOOP_ANALYSIS = YES;
				CLANG_WARN_STRICT_PROTOTYPES = YES;
				CLANG_WARN_SUSPICIOUS_MOVE = YES;
				CLANG_WARN_UNGUARDED_AVAILABILITY = YES_AGGRESSIVE;
				CLANG_WARN_UNREACHABLE_CODE = YES;
				CLANG_WARN__DUPLICATE_METHOD_MATCH = YES;
				COPY_PHASE_STRIP = NO;
				DEBUG_INFORMATION_FORMAT = dwarf;
				ENABLE_STRICT_OBJC_MSGSEND = YES;
				ENABLE_TESTABILITY = YES;
				GCC_C_LANGUAGE_STANDARD = gnu11;
				GCC_DYNAMIC_NO_PIC = NO;
				GCC_NO_COMMON_BLOCKS = YES;
				GCC_OPTIMIZATION_LEVEL = 0;
				GCC_PREPROCESSOR_DEFINITIONS = (
					"DEBUG=1",
					"$(inherited)",
				);
				GCC_WARN_64_TO_32_BIT_CONVERSION = YES;
				GCC_WARN_ABOUT_RETURN_TYPE = YES_ERROR;
				GCC_WARN_UNDECLARED_SELECTOR = YES;
				GCC_WARN_UNINITIALIZED_AUTOS = YES_AGGRESSIVE;
				GCC_WARN_UNUSED_FUNCTION = YES;
				GCC_WARN_UNUSED_VARIABLE = YES;
				IPHONEOS_DEPLOYMENT_TARGET = 13.5;
				MTL_ENABLE_DEBUG_INFO = INCLUDE_SOURCE;
				MTL_FAST_MATH = YES;
				ONLY_ACTIVE_ARCH = YES;
				SDKROOT = iphoneos;
				SWIFT_ACTIVE_COMPILATION_CONDITIONS = DEBUG;
				SWIFT_OPTIMIZATION_LEVEL = "-Onone";
			};
			name = Debug;
		};
		1211690F24B6516800879FED /* Release */ = {
			isa = XCBuildConfiguration;
			buildSettings = {
				ALWAYS_SEARCH_USER_PATHS = NO;
				CLANG_ANALYZER_NONNULL = YES;
				CLANG_ANALYZER_NUMBER_OBJECT_CONVERSION = YES_AGGRESSIVE;
				CLANG_CXX_LANGUAGE_STANDARD = "gnu++14";
				CLANG_CXX_LIBRARY = "libc++";
				CLANG_ENABLE_MODULES = YES;
				CLANG_ENABLE_OBJC_ARC = YES;
				CLANG_ENABLE_OBJC_WEAK = YES;
				CLANG_WARN_BLOCK_CAPTURE_AUTORELEASING = YES;
				CLANG_WARN_BOOL_CONVERSION = YES;
				CLANG_WARN_COMMA = YES;
				CLANG_WARN_CONSTANT_CONVERSION = YES;
				CLANG_WARN_DEPRECATED_OBJC_IMPLEMENTATIONS = YES;
				CLANG_WARN_DIRECT_OBJC_ISA_USAGE = YES_ERROR;
				CLANG_WARN_DOCUMENTATION_COMMENTS = YES;
				CLANG_WARN_EMPTY_BODY = YES;
				CLANG_WARN_ENUM_CONVERSION = YES;
				CLANG_WARN_INFINITE_RECURSION = YES;
				CLANG_WARN_INT_CONVERSION = YES;
				CLANG_WARN_NON_LITERAL_NULL_CONVERSION = YES;
				CLANG_WARN_OBJC_IMPLICIT_RETAIN_SELF = YES;
				CLANG_WARN_OBJC_LITERAL_CONVERSION = YES;
				CLANG_WARN_OBJC_ROOT_CLASS = YES_ERROR;
				CLANG_WARN_RANGE_LOOP_ANALYSIS = YES;
				CLANG_WARN_STRICT_PROTOTYPES = YES;
				CLANG_WARN_SUSPICIOUS_MOVE = YES;
				CLANG_WARN_UNGUARDED_AVAILABILITY = YES_AGGRESSIVE;
				CLANG_WARN_UNREACHABLE_CODE = YES;
				CLANG_WARN__DUPLICATE_METHOD_MATCH = YES;
				COPY_PHASE_STRIP = NO;
				DEBUG_INFORMATION_FORMAT = "dwarf-with-dsym";
				ENABLE_NS_ASSERTIONS = NO;
				ENABLE_STRICT_OBJC_MSGSEND = YES;
				GCC_C_LANGUAGE_STANDARD = gnu11;
				GCC_NO_COMMON_BLOCKS = YES;
				GCC_WARN_64_TO_32_BIT_CONVERSION = YES;
				GCC_WARN_ABOUT_RETURN_TYPE = YES_ERROR;
				GCC_WARN_UNDECLARED_SELECTOR = YES;
				GCC_WARN_UNINITIALIZED_AUTOS = YES_AGGRESSIVE;
				GCC_WARN_UNUSED_FUNCTION = YES;
				GCC_WARN_UNUSED_VARIABLE = YES;
				IPHONEOS_DEPLOYMENT_TARGET = 13.5;
				MTL_ENABLE_DEBUG_INFO = NO;
				MTL_FAST_MATH = YES;
				SDKROOT = iphoneos;
				SWIFT_COMPILATION_MODE = wholemodule;
				SWIFT_OPTIMIZATION_LEVEL = "-O";
				VALIDATE_PRODUCT = YES;
			};
			name = Release;
		};
		1211691124B6516800879FED /* Debug */ = {
			isa = XCBuildConfiguration;
			baseConfigurationReference = 8A9E471FE358105EEB93E98F /* Pods-RecipeFinder.debug.xcconfig */;
			buildSettings = {
				ASSETCATALOG_COMPILER_APPICON_NAME = AppIcon;
				CODE_SIGN_STYLE = Automatic;
				INFOPLIST_FILE = RecipeFinder/Info.plist;
				IPHONEOS_DEPLOYMENT_TARGET = 11.0;
				LD_RUNPATH_SEARCH_PATHS = (
					"$(inherited)",
					"@executable_path/Frameworks",
				);
				PRODUCT_BUNDLE_IDENTIFIER = Natasha.RecipeFinder;
				PRODUCT_NAME = "$(TARGET_NAME)";
				SWIFT_VERSION = 5.0;
				TARGETED_DEVICE_FAMILY = "1,2";
			};
			name = Debug;
		};
		1211691224B6516800879FED /* Release */ = {
			isa = XCBuildConfiguration;
			baseConfigurationReference = AA1997EB1FB21FE0A6BA24C5 /* Pods-RecipeFinder.release.xcconfig */;
			buildSettings = {
				ASSETCATALOG_COMPILER_APPICON_NAME = AppIcon;
				CODE_SIGN_STYLE = Automatic;
				INFOPLIST_FILE = RecipeFinder/Info.plist;
				IPHONEOS_DEPLOYMENT_TARGET = 11.0;
				LD_RUNPATH_SEARCH_PATHS = (
					"$(inherited)",
					"@executable_path/Frameworks",
				);
				PRODUCT_BUNDLE_IDENTIFIER = Natasha.RecipeFinder;
				PRODUCT_NAME = "$(TARGET_NAME)";
				SWIFT_VERSION = 5.0;
				TARGETED_DEVICE_FAMILY = "1,2";
			};
			name = Release;
		};
/* End XCBuildConfiguration section */

/* Begin XCConfigurationList section */
		121168F724B6516700879FED /* Build configuration list for PBXProject "RecipeFinder" */ = {
			isa = XCConfigurationList;
			buildConfigurations = (
				1211690E24B6516800879FED /* Debug */,
				1211690F24B6516800879FED /* Release */,
			);
			defaultConfigurationIsVisible = 0;
			defaultConfigurationName = Release;
		};
		1211691024B6516800879FED /* Build configuration list for PBXNativeTarget "RecipeFinder" */ = {
			isa = XCConfigurationList;
			buildConfigurations = (
				1211691124B6516800879FED /* Debug */,
				1211691224B6516800879FED /* Release */,
			);
			defaultConfigurationIsVisible = 0;
			defaultConfigurationName = Release;
		};
/* End XCConfigurationList section */
	};
	rootObject = 121168F424B6516700879FED /* Project object */;
}
