PODS:
  - Alamofire (5.2.1)
  - CryptoSwift (1.3.1)
  - RNCryptor (5.1.0)

DEPENDENCIES:
  - Alamofire
  - CryptoSwift
  - RNCryptor

SPEC REPOS:
  trunk:
    - Alamofire
    - CryptoSwift
    - RNCryptor

SPEC CHECKSUMS:
  Alamofire: e911732990610fe89af59ac0077f923d72dc3dfd
  CryptoSwift: f12f037f6d0fcd6d48c96db0071b653de64e6c4d
  RNCryptor: a369134686cd2ad391323cc856b62e591193ba79

PODFILE CHECKSUM: 5092ce8bd32f96941b4e4550c80c87f07f56a0b2

COCOAPODS: 1.9.3
